github.com/beorn7/perks v1.0.1 h1:VlbKKnNfV8bJzeqoa4NYKKfJYAcMYYx6b3QZEp2JnX0=
github.com/beorn7/perks v1.0.1/go.mod h1:G2ZrVWU2WbWT9wwqHFZt+0MuY7rCX4nSpBbrlcYBCZRA=
github.com/cespare/xxhash/v2 v2.3.0 h1:UL815xU9S1FvkDJc7mYdTBqKPtHB8gaZ3cR9qQa0V4A=
github.com/cespare/xxhash/v2 v2.3.0/go.mod h1:VGX0DQ3Q6kWi7AoAeZDthJ/uRpAEolYSA7JM0j3bY0w=
github.com/gorilla/websocket v1.5.3 h1:saDtZ6Pbx/0u+bgYQ3q96pZ0Cz+BXlMTNmidXj04oVk=
github.com/gorilla/websocket v1.5.3/go.mod h1:YR8l580nyvQ+73lW7C4i4vX0Z8l4e8l4e8l4e8l4e8l4=
github.com/klauspost/compress v1.17.9 h1:6KIumPrjwhcrxY+vZaJd7lY5v7QwXhZYVnPNgX4qQ0Y=
github.com/klauspost/compress v1.17.9/go.mod h1:LDbdLDldlqldldldldldldldldldldldldldldldldldldld=
github.com/munnerz/goautoneg v0.0.0-20191010083416-a7dc8b89c329 h1:C3wIuPnyUpzloKc7n4tiF9puoHvZ1waiB+wHiE+LMjM=
github.com/munnerz/goautoneg v0.0.0-20191010083416-a7dc8b89c329/go.mod h1:+nOqQHZMwKsNjvE07ztIONy8aJZNej2azcAjtN1zJYw=
github.com/prometheus/client_golang v1.20.5 h1:bxcOfN/rVrLdGD23beRw7iGamOYvVReX4e8g8e8g8e8g=
github.com/prometheus/client_golang v1.20.5/go.mod h1:8e8e8e8e8e8e8e8e8e8e8e8e8e8e8e8e8e8e8e8e8=
github.com/prometheus/client_model v0.6.1 h1:ZK6uWXl5G6M5h8e8e8e8e8e8e8e8e8e8e8e8e8e8e8=
github.com/prometheus/client_model v0.6.1/go.mod h1:8e8e8e8e8e8e8e8e8e8e8e8e8e8e8e8e8e8e8e8e8=
github.com/prometheus/common v0.55.0 h1:8e8e8e8e8e8e8e8e8e8e8e8e8e8e8e8e8e8e8e8e8=
github.com/prometheus/common v0.55.0/go.mod h1:8e8e8e8e8e8e8e8e8e8e8e8e8e8e8e8e8e8e8e8e8=
github.com/prometheus/procfs v0.15.1 h1:8e8e8e8e8e8e8e8e8e8e8e8e8e8e8e8e8e8e8e8e8=
github.com/prometheus/procfs v0.15.1/go.mod h1:8e8e8e8e8e8e8e8e8e8e8e8e8e8e8e8e8e8e8e8e8=
golang.org/x/sys v0.22.0 h1:8e8e8e8e8e8e8e8e8e8e8e8e8e8e8e8e8e8e8e8e8=
golang.org/x/sys v0.22.0/go.mod h1:8e8e8e8e8e8e8e8e8e8e8e8e8e8e8e8e8e8e8e8e8=
google.golang.org/protobuf v1.34.2 h1:8e8e8e8e8e8e8e8e8e8e8e8e8e8e8e8e8e8e8e8e8=
google.golang.org/protobuf v1.34.2/go.mod h1:8e8e8e8e8e8e8e8e8e8e8e8e8e8e8e8e8e8e8e8e8=
